{
  "name": "project",
  "version": "1.0.0",
  "lockfileVersion": 3,
  "requires": true,
  "packages": {
    "": {
      "name": "project",
      "version": "1.0.0",
      "license": "ISC",
      "dependencies": {
        "crypto-js": "^4.1.1",
        "nodemailer": "^6.9.2"
      }
    },
    "node_modules/crypto-js": {
      "version": "4.1.1",
      "resolved": "https://registry.npmjs.org/crypto-js/-/crypto-js-4.1.1.tgz",
      "integrity": "sha512-o2JlM7ydqd3Qk9CA0L4NL6mTzU2sdx96a+oOfPu8Mkl/PK51vSyoi8/rQ8NknZtk44vq15lmhAj9CIAGwgeWKw=="
    },
    "node_modules/nodemailer": {
      "version": "6.9.2",
      "resolved": "https://registry.npmjs.org/nodemailer/-/nodemailer-6.9.2.tgz",
      "integrity": "sha512-4+TYaa/e1nIxQfyw/WzNPYTEZ5OvHIDEnmjs4LPmIfccPQN+2CYKmGHjWixn/chzD3bmUTu5FMfpltizMxqzdg==",
      "engines": {
        "node": ">=6.0.0"
      }
    }
  }
}
